
Microsoft Visual Studio Solution File, Format Version 12.00
# Visual Studio 16
Project("{FAE04EC0-301F-11D3-BF4B-00C04F79EFBC}") = "Assembly-CSharp-firstpass", "Assembly-CSharp-firstpass.csproj", "{19C371F3-27C8-81FC-41E4-108C8BB27249}"
EndProject
Project("{FAE04EC0-301F-11D3-BF4B-00C04F79EFBC}") = "Assembly-CSharp", "Assembly-CSharp.csproj", "{26BC14F5-FE7A-5350-8216-67DBB5DB6A2C}"
EndProject
Project("{FAE04EC0-301F-11D3-BF4B-00C04F79EFBC}") = "Assembly-CSharp-Editor", "Assembly-CSharp-Editor.csproj", "{7B04300F-28B2-D602-8D14-29CBD3429AF6}"
EndProject
Global
	GlobalSection(SolutionConfigurationPlatforms) = preSolution
		Debug|Any CPU = Debug|Any CPU
		Release|Any CPU = Release|Any CPU
	EndGlobalSection
	GlobalSection(ProjectConfigurationPlatforms) = postSolution
		{19C371F3-27C8-81FC-41E4-108C8BB27249}.Debug|Any CPU.ActiveCfg = Debug|Any CPU
		{19C371F3-27C8-81FC-41E4-108C8BB27249}.Debug|Any CPU.Build.0 = Debug|Any CPU
		{19C371F3-27C8-81FC-41E4-108C8BB27249}.Release|Any CPU.ActiveCfg = Release|Any CPU
		{19C371F3-27C8-81FC-41E4-108C8BB27249}.Release|Any CPU.Build.0 = Release|Any CPU
		{26BC14F5-FE7A-5350-8216-67DBB5DB6A2C}.Debug|Any CPU.ActiveCfg = Debug|Any CPU
		{26BC14F5-FE7A-5350-8216-67DBB5DB6A2C}.Debug|Any CPU.Build.0 = Debug|Any CPU
		{26BC14F5-FE7A-5350-8216-67DBB5DB6A2C}.Release|Any CPU.ActiveCfg = Release|Any CPU
		{26BC14F5-FE7A-5350-8216-67DBB5DB6A2C}.Release|Any CPU.Build.0 = Release|Any CPU
		{7B04300F-28B2-D602-8D14-29CBD3429AF6}.Debug|Any CPU.ActiveCfg = Debug|Any CPU
		{7B04300F-28B2-D602-8D14-29CBD3429AF6}.Debug|Any CPU.Build.0 = Debug|Any CPU
		{7B04300F-28B2-D602-8D14-29CBD3429AF6}.Release|Any CPU.ActiveCfg = Release|Any CPU
		{7B04300F-28B2-D602-8D14-29CBD3429AF6}.Release|Any CPU.Build.0 = Release|Any CPU
	EndGlobalSection
	GlobalSection(SolutionProperties) = preSolution
		HideSolutionNode = FALSE
	EndGlobalSection
EndGlobal
